
Microsoft Visual Studio Solution File, Format Version 12.00
# Visual Studio Version 16
VisualStudioVersion = 16.0.31025.194
MinimumVisualStudioVersion = 10.0.40219.1
Project("{9A19103F-16F7-4668-BE54-9A1E7A4F7556}") = "EmployeeManagement.Models", "EmployeeManagement.Models\EmployeeManagement.Models.csproj", "{69A1BDC2-A7BE-44E2-AC8B-AED4C11B41AA}"
EndProject
Project("{9A19103F-16F7-4668-BE54-9A1E7A4F7556}") = "EmployeeManagement.Web", "EmployeeManagement.Web\EmployeeManagement.Web.csproj", "{60D29CCB-8653-4D17-8910-9BE4EA54A737}"
EndProject
Project("{9A19103F-16F7-4668-BE54-9A1E7A4F7556}") = "EmployeeManagement.Api", "EmployeeManagement.Api\EmployeeManagement.Api.csproj", "{D65F3F39-EAF5-4E58-B50C-7F6A0130F79C}"
EndProject
Global
	GlobalSection(SolutionConfigurationPlatforms) = preSolution
		Debug|Any CPU = Debug|Any CPU
		Release|Any CPU = Release|Any CPU
	EndGlobalSection
	GlobalSection(ProjectConfigurationPlatforms) = postSolution
		{69A1BDC2-A7BE-44E2-AC8B-AED4C11B41AA}.Debug|Any CPU.ActiveCfg = Debug|Any CPU
		{69A1BDC2-A7BE-44E2-AC8B-AED4C11B41AA}.Debug|Any CPU.Build.0 = Debug|Any CPU
		{69A1BDC2-A7BE-44E2-AC8B-AED4C11B41AA}.Release|Any CPU.ActiveCfg = Release|Any CPU
		{69A1BDC2-A7BE-44E2-AC8B-AED4C11B41AA}.Release|Any CPU.Build.0 = Release|Any CPU
		{60D29CCB-8653-4D17-8910-9BE4EA54A737}.Debug|Any CPU.ActiveCfg = Debug|Any CPU
		{60D29CCB-8653-4D17-8910-9BE4EA54A737}.Debug|Any CPU.Build.0 = Debug|Any CPU
		{60D29CCB-8653-4D17-8910-9BE4EA54A737}.Release|Any CPU.ActiveCfg = Release|Any CPU
		{60D29CCB-8653-4D17-8910-9BE4EA54A737}.Release|Any CPU.Build.0 = Release|Any CPU
		{D65F3F39-EAF5-4E58-B50C-7F6A0130F79C}.Debug|Any CPU.ActiveCfg = Debug|Any CPU
		{D65F3F39-EAF5-4E58-B50C-7F6A0130F79C}.Debug|Any CPU.Build.0 = Debug|Any CPU
		{D65F3F39-EAF5-4E58-B50C-7F6A0130F79C}.Release|Any CPU.ActiveCfg = Release|Any CPU
		{D65F3F39-EAF5-4E58-B50C-7F6A0130F79C}.Release|Any CPU.Build.0 = Release|Any CPU
	EndGlobalSection
	GlobalSection(SolutionProperties) = preSolution
		HideSolutionNode = FALSE
	EndGlobalSection
	GlobalSection(ExtensibilityGlobals) = postSolution
		SolutionGuid = {2F7CA961-1DC1-426F-A30F-DABE91A4A5BC}
	EndGlobalSection
EndGlobal
